// !$*UTF8*$!
{
	archiveVersion = 1;
	classes = {
	};
	objectVersion = 46;
	objects = {

/* Begin PBXBuildFile section */
		054C04521C705ECD00436A33 /* LHPredicate.m in Sources */ = {isa = PBXBuildFile; fileRef = 054C04511C705ECD00436A33 /* LHPredicate.m */; };
		05822B471C561DDC00CC0506 /* LHModelStateMent.m in Sources */ = {isa = PBXBuildFile; fileRef = 05822B461C561DDC00CC0506 /* LHModelStateMent.m */; };
		05869D2F1C804C3600C5B48B /* 123@2x.png in Resources */ = {isa = PBXBuildFile; fileRef = 05869D2E1C804C3600C5B48B /* 123@2x.png */; };
		05869D321C805B7500C5B48B /* LHDBPath.m in Sources */ = {isa = PBXBuildFile; fileRef = 05869D311C805B7500C5B48B /* LHDBPath.m */; };
		05FB96241C71BFC800496A39 /* NSObject+LHDB.m in Sources */ = {isa = PBXBuildFile; fileRef = 05FB96231C71BFC800496A39 /* NSObject+LHDB.m */; };
		C99628381C40F63E007FBA72 /* main.m in Sources */ = {isa = PBXBuildFile; fileRef = C99628371C40F63E007FBA72 /* main.m */; };
		C996283B1C40F63E007FBA72 /* AppDelegate.m in Sources */ = {isa = PBXBuildFile; fileRef = C996283A1C40F63E007FBA72 /* AppDelegate.m */; };
		C996283E1C40F63E007FBA72 /* ViewController.m in Sources */ = {isa = PBXBuildFile; fileRef = C996283D1C40F63E007FBA72 /* ViewController.m */; };
		C99628411C40F63E007FBA72 /* Main.storyboard in Resources */ = {isa = PBXBuildFile; fileRef = C996283F1C40F63E007FBA72 /* Main.storyboard */; };
		C99628431C40F63E007FBA72 /* Assets.xcassets in Resources */ = {isa = PBXBuildFile; fileRef = C99628421C40F63E007FBA72 /* Assets.xcassets */; };
		C99628461C40F63E007FBA72 /* LaunchScreen.storyboard in Resources */ = {isa = PBXBuildFile; fileRef = C99628441C40F63E007FBA72 /* LaunchScreen.storyboard */; };
		C99628511C40F63E007FBA72 /* LHDBDemoTests.m in Sources */ = {isa = PBXBuildFile; fileRef = C99628501C40F63E007FBA72 /* LHDBDemoTests.m */; };
		C996285C1C40F63E007FBA72 /* LHDBDemoUITests.m in Sources */ = {isa = PBXBuildFile; fileRef = C996285B1C40F63E007FBA72 /* LHDBDemoUITests.m */; };
		C99628721C40F668007FBA72 /* LHDataBaseExecute.m in Sources */ = {isa = PBXBuildFile; fileRef = C996286B1C40F668007FBA72 /* LHDataBaseExecute.m */; };
		C99628741C40F668007FBA72 /* LHDBQueue.m in Sources */ = {isa = PBXBuildFile; fileRef = C996286F1C40F668007FBA72 /* LHDBQueue.m */; };
		C99628751C40F668007FBA72 /* NSObject+LHModelOperation.m in Sources */ = {isa = PBXBuildFile; fileRef = C99628711C40F668007FBA72 /* NSObject+LHModelOperation.m */; };
		C99628771C40F676007FBA72 /* libsqlite3.tbd in Frameworks */ = {isa = PBXBuildFile; fileRef = C99628761C40F676007FBA72 /* libsqlite3.tbd */; };
		C996287B1C40F8FA007FBA72 /* Model.m in Sources */ = {isa = PBXBuildFile; fileRef = C996287A1C40F8FA007FBA72 /* Model.m */; };
		C9B22F561C817E37004FD22A /* Cat.m in Sources */ = {isa = PBXBuildFile; fileRef = C9B22F551C817E37004FD22A /* Cat.m */; };
/* End PBXBuildFile section */

/* Begin PBXContainerItemProxy section */
		C996284D1C40F63E007FBA72 /* PBXContainerItemProxy */ = {
			isa = PBXContainerItemProxy;
			containerPortal = C996282B1C40F63E007FBA72 /* Project object */;
			proxyType = 1;
			remoteGlobalIDString = C99628321C40F63E007FBA72;
			remoteInfo = LHDBDemo;
		};
		C99628581C40F63E007FBA72 /* PBXContainerItemProxy */ = {
			isa = PBXContainerItemProxy;
			containerPortal = C996282B1C40F63E007FBA72 /* Project object */;
			proxyType = 1;
			remoteGlobalIDString = C99628321C40F63E007FBA72;
			remoteInfo = LHDBDemo;
		};
/* End PBXContainerItemProxy section */

/* Begin PBXFileReference section */
		054C04501C705ECD00436A33 /* LHPredicate.h */ = {isa = PBXFileReference; fileEncoding = 4; lastKnownFileType = sourcecode.c.h; path = LHPredicate.h; sourceTree = "<group>"; };
		054C04511C705ECD00436A33 /* LHPredicate.m */ = {isa = PBXFileReference; fileEncoding = 4; lastKnownFileType = sourcecode.c.objc; path = LHPredicate.m; sourceTree = "<group>"; };
		05822B451C561DDC00CC0506 /* LHModelStateMent.h */ = {isa = PBXFileReference; fileEncoding = 4; lastKnownFileType = sourcecode.c.h; path = LHModelStateMent.h; sourceTree = "<group>"; };
		05822B461C561DDC00CC0506 /* LHModelStateMent.m */ = {isa = PBXFileReference; fileEncoding = 4; lastKnownFileType = sourcecode.c.objc; path = LHModelStateMent.m; sourceTree = "<group>"; };
		05869D2E1C804C3600C5B48B /* 123@2x.png */ = {isa = PBXFileReference; lastKnownFileType = image.png; path = "123@2x.png"; sourceTree = "<group>"; };
		05869D301C805B7500C5B48B /* LHDBPath.h */ = {isa = PBXFileReference; fileEncoding = 4; lastKnownFileType = sourcecode.c.h; path = LHDBPath.h; sourceTree = "<group>"; };
		05869D311C805B7500C5B48B /* LHDBPath.m */ = {isa = PBXFileReference; fileEncoding = 4; lastKnownFileType = sourcecode.c.objc; path = LHDBPath.m; sourceTree = "<group>"; };
		058801171C7F0BCD00E401CC /* LHDB.h */ = {isa = PBXFileReference; fileEncoding = 4; lastKnownFileType = sourcecode.c.h; path = LHDB.h; sourceTree = "<group>"; };
		05FB96221C71BFC800496A39 /* NSObject+LHDB.h */ = {isa = PBXFileReference; fileEncoding = 4; lastKnownFileType = sourcecode.c.h; path = "NSObject+LHDB.h"; sourceTree = "<group>"; };
		05FB96231C71BFC800496A39 /* NSObject+LHDB.m */ = {isa = PBXFileReference; fileEncoding = 4; lastKnownFileType = sourcecode.c.objc; path = "NSObject+LHDB.m"; sourceTree = "<group>"; };
		C99628331C40F63E007FBA72 /* LHDBDemo.app */ = {isa = PBXFileReference; explicitFileType = wrapper.application; includeInIndex = 0; path = LHDBDemo.app; sourceTree = BUILT_PRODUCTS_DIR; };
		C99628371C40F63E007FBA72 /* main.m */ = {isa = PBXFileReference; lastKnownFileType = sourcecode.c.objc; path = main.m; sourceTree = "<group>"; };
		C99628391C40F63E007FBA72 /* AppDelegate.h */ = {isa = PBXFileReference; lastKnownFileType = sourcecode.c.h; path = AppDelegate.h; sourceTree = "<group>"; };
		C996283A1C40F63E007FBA72 /* AppDelegate.m */ = {isa = PBXFileReference; lastKnownFileType = sourcecode.c.objc; path = AppDelegate.m; sourceTree = "<group>"; };
		C996283C1C40F63E007FBA72 /* ViewController.h */ = {isa = PBXFileReference; lastKnownFileType = sourcecode.c.h; path = ViewController.h; sourceTree = "<group>"; };
		C996283D1C40F63E007FBA72 /* ViewController.m */ = {isa = PBXFileReference; lastKnownFileType = sourcecode.c.objc; path = ViewController.m; sourceTree = "<group>"; };
		C99628401C40F63E007FBA72 /* Base */ = {isa = PBXFileReference; lastKnownFileType = file.storyboard; name = Base; path = Base.lproj/Main.storyboard; sourceTree = "<group>"; };
		C99628421C40F63E007FBA72 /* Assets.xcassets */ = {isa = PBXFileReference; lastKnownFileType = folder.assetcatalog; path = Assets.xcassets; sourceTree = "<group>"; };
		C99628451C40F63E007FBA72 /* Base */ = {isa = PBXFileReference; lastKnownFileType = file.storyboard; name = Base; path = Base.lproj/LaunchScreen.storyboard; sourceTree = "<group>"; };
		C99628471C40F63E007FBA72 /* Info.plist */ = {isa = PBXFileReference; lastKnownFileType = text.plist.xml; path = Info.plist; sourceTree = "<group>"; };
		C996284C1C40F63E007FBA72 /* LHDBDemoTests.xctest */ = {isa = PBXFileReference; explicitFileType = wrapper.cfbundle; includeInIndex = 0; path = LHDBDemoTests.xctest; sourceTree = BUILT_PRODUCTS_DIR; };
		C99628501C40F63E007FBA72 /* LHDBDemoTests.m */ = {isa = PBXFileReference; lastKnownFileType = sourcecode.c.objc; path = LHDBDemoTests.m; sourceTree = "<group>"; };
		C99628521C40F63E007FBA72 /* Info.plist */ = {isa = PBXFileReference; lastKnownFileType = text.plist.xml; path = Info.plist; sourceTree = "<group>"; };
		C99628571C40F63E007FBA72 /* LHDBDemoUITests.xctest */ = {isa = PBXFileReference; explicitFileType = wrapper.cfbundle; includeInIndex = 0; path = LHDBDemoUITests.xctest; sourceTree = BUILT_PRODUCTS_DIR; };
		C996285B1C40F63E007FBA72 /* LHDBDemoUITests.m */ = {isa = PBXFileReference; lastKnownFileType = sourcecode.c.objc; path = LHDBDemoUITests.m; sourceTree = "<group>"; };
		C996285D1C40F63E007FBA72 /* Info.plist */ = {isa = PBXFileReference; lastKnownFileType = text.plist.xml; path = Info.plist; sourceTree = "<group>"; };
		C996286A1C40F668007FBA72 /* LHDataBaseExecute.h */ = {isa = PBXFileReference; fileEncoding = 4; lastKnownFileType = sourcecode.c.h; path = LHDataBaseExecute.h; sourceTree = "<group>"; };
		C996286B1C40F668007FBA72 /* LHDataBaseExecute.m */ = {isa = PBXFileReference; fileEncoding = 4; lastKnownFileType = sourcecode.c.objc; path = LHDataBaseExecute.m; sourceTree = "<group>"; };
		C996286E1C40F668007FBA72 /* LHDBQueue.h */ = {isa = PBXFileReference; fileEncoding = 4; lastKnownFileType = sourcecode.c.h; path = LHDBQueue.h; sourceTree = "<group>"; };
		C996286F1C40F668007FBA72 /* LHDBQueue.m */ = {isa = PBXFileReference; fileEncoding = 4; lastKnownFileType = sourcecode.c.objc; path = LHDBQueue.m; sourceTree = "<group>"; };
		C99628701C40F668007FBA72 /* NSObject+LHModelOperation.h */ = {isa = PBXFileReference; fileEncoding = 4; lastKnownFileType = sourcecode.c.h; path = "NSObject+LHModelOperation.h"; sourceTree = "<group>"; };
		C99628711C40F668007FBA72 /* NSObject+LHModelOperation.m */ = {isa = PBXFileReference; fileEncoding = 4; lastKnownFileType = sourcecode.c.objc; path = "NSObject+LHModelOperation.m"; sourceTree = "<group>"; };
		C99628761C40F676007FBA72 /* libsqlite3.tbd */ = {isa = PBXFileReference; lastKnownFileType = "sourcecode.text-based-dylib-definition"; name = libsqlite3.tbd; path = usr/lib/libsqlite3.tbd; sourceTree = SDKROOT; };
		C99628791C40F8FA007FBA72 /* Model.h */ = {isa = PBXFileReference; fileEncoding = 4; lastKnownFileType = sourcecode.c.h; path = Model.h; sourceTree = "<group>"; };
		C996287A1C40F8FA007FBA72 /* Model.m */ = {isa = PBXFileReference; fileEncoding = 4; lastKnownFileType = sourcecode.c.objc; path = Model.m; sourceTree = "<group>"; };
		C9B22F541C817E37004FD22A /* Cat.h */ = {isa = PBXFileReference; fileEncoding = 4; lastKnownFileType = sourcecode.c.h; path = Cat.h; sourceTree = "<group>"; };
		C9B22F551C817E37004FD22A /* Cat.m */ = {isa = PBXFileReference; fileEncoding = 4; lastKnownFileType = sourcecode.c.objc; path = Cat.m; sourceTree = "<group>"; };
/* End PBXFileReference section */

/* Begin PBXFrameworksBuildPhase section */
		C99628301C40F63E007FBA72 /* Frameworks */ = {
			isa = PBXFrameworksBuildPhase;
			buildActionMask = 2147483647;
			files = (
				C99628771C40F676007FBA72 /* libsqlite3.tbd in Frameworks */,
			);
			runOnlyForDeploymentPostprocessing = 0;
		};
		C99628491C40F63E007FBA72 /* Frameworks */ = {
			isa = PBXFrameworksBuildPhase;
			buildActionMask = 2147483647;
			files = (
			);
			runOnlyForDeploymentPostprocessing = 0;
		};
		C99628541C40F63E007FBA72 /* Frameworks */ = {
			isa = PBXFrameworksBuildPhase;
			buildActionMask = 2147483647;
			files = (
			);
			runOnlyForDeploymentPostprocessing = 0;
		};
/* End PBXFrameworksBuildPhase section */

/* Begin PBXGroup section */
		C996282A1C40F63E007FBA72 = {
			isa = PBXGroup;
			children = (
				05869D2E1C804C3600C5B48B /* 123@2x.png */,
				C99628761C40F676007FBA72 /* libsqlite3.tbd */,
				C99628691C40F668007FBA72 /* LHDB */,
				C99628351C40F63E007FBA72 /* LHDBDemo */,
				C996284F1C40F63E007FBA72 /* LHDBDemoTests */,
				C996285A1C40F63E007FBA72 /* LHDBDemoUITests */,
				C99628341C40F63E007FBA72 /* Products */,
			);
			sourceTree = "<group>";
		};
		C99628341C40F63E007FBA72 /* Products */ = {
			isa = PBXGroup;
			children = (
				C99628331C40F63E007FBA72 /* LHDBDemo.app */,
				C996284C1C40F63E007FBA72 /* LHDBDemoTests.xctest */,
				C99628571C40F63E007FBA72 /* LHDBDemoUITests.xctest */,
			);
			name = Products;
			sourceTree = "<group>";
		};
		C99628351C40F63E007FBA72 /* LHDBDemo */ = {
			isa = PBXGroup;
			children = (
				C99628791C40F8FA007FBA72 /* Model.h */,
				C996287A1C40F8FA007FBA72 /* Model.m */,
				C9B22F541C817E37004FD22A /* Cat.h */,
				C9B22F551C817E37004FD22A /* Cat.m */,
				C99628391C40F63E007FBA72 /* AppDelegate.h */,
				C996283A1C40F63E007FBA72 /* AppDelegate.m */,
				C996283C1C40F63E007FBA72 /* ViewController.h */,
				C996283D1C40F63E007FBA72 /* ViewController.m */,
				C996283F1C40F63E007FBA72 /* Main.storyboard */,
				C99628421C40F63E007FBA72 /* Assets.xcassets */,
				C99628441C40F63E007FBA72 /* LaunchScreen.storyboard */,
				C99628471C40F63E007FBA72 /* Info.plist */,
				C99628361C40F63E007FBA72 /* Supporting Files */,
			);
			path = LHDBDemo;
			sourceTree = "<group>";
		};
		C99628361C40F63E007FBA72 /* Supporting Files */ = {
			isa = PBXGroup;
			children = (
				C99628371C40F63E007FBA72 /* main.m */,
			);
			name = "Supporting Files";
			sourceTree = "<group>";
		};
		C996284F1C40F63E007FBA72 /* LHDBDemoTests */ = {
			isa = PBXGroup;
			children = (
				C99628501C40F63E007FBA72 /* LHDBDemoTests.m */,
				C99628521C40F63E007FBA72 /* Info.plist */,
			);
			path = LHDBDemoTests;
			sourceTree = "<group>";
		};
		C996285A1C40F63E007FBA72 /* LHDBDemoUITests */ = {
			isa = PBXGroup;
			children = (
				C996285B1C40F63E007FBA72 /* LHDBDemoUITests.m */,
				C996285D1C40F63E007FBA72 /* Info.plist */,
			);
			path = LHDBDemoUITests;
			sourceTree = "<group>";
		};
		C99628691C40F668007FBA72 /* LHDB */ = {
			isa = PBXGroup;
			children = (
				058801171C7F0BCD00E401CC /* LHDB.h */,
				05869D301C805B7500C5B48B /* LHDBPath.h */,
				05869D311C805B7500C5B48B /* LHDBPath.m */,
				05822B451C561DDC00CC0506 /* LHModelStateMent.h */,
				05822B461C561DDC00CC0506 /* LHModelStateMent.m */,
				C996286A1C40F668007FBA72 /* LHDataBaseExecute.h */,
				C996286B1C40F668007FBA72 /* LHDataBaseExecute.m */,
				054C04501C705ECD00436A33 /* LHPredicate.h */,
				054C04511C705ECD00436A33 /* LHPredicate.m */,
				C996286E1C40F668007FBA72 /* LHDBQueue.h */,
				C996286F1C40F668007FBA72 /* LHDBQueue.m */,
				C99628701C40F668007FBA72 /* NSObject+LHModelOperation.h */,
				C99628711C40F668007FBA72 /* NSObject+LHModelOperation.m */,
				05FB96221C71BFC800496A39 /* NSObject+LHDB.h */,
				05FB96231C71BFC800496A39 /* NSObject+LHDB.m */,
			);
			path = LHDB;
			sourceTree = "<group>";
		};
/* End PBXGroup section */

/* Begin PBXNativeTarget section */
		C99628321C40F63E007FBA72 /* LHDBDemo */ = {
			isa = PBXNativeTarget;
			buildConfigurationList = C99628601C40F63E007FBA72 /* Build configuration list for PBXNativeTarget "LHDBDemo" */;
			buildPhases = (
				C996282F1C40F63E007FBA72 /* Sources */,
				C99628301C40F63E007FBA72 /* Frameworks */,
				C99628311C40F63E007FBA72 /* Resources */,
			);
			buildRules = (
			);
			dependencies = (
			);
			name = LHDBDemo;
			productName = LHDBDemo;
			productReference = C99628331C40F63E007FBA72 /* LHDBDemo.app */;
			productType = "com.apple.product-type.application";
		};
		C996284B1C40F63E007FBA72 /* LHDBDemoTests */ = {
			isa = PBXNativeTarget;
			buildConfigurationList = C99628631C40F63E007FBA72 /* Build configuration list for PBXNativeTarget "LHDBDemoTests" */;
			buildPhases = (
				C99628481C40F63E007FBA72 /* Sources */,
				C99628491C40F63E007FBA72 /* Frameworks */,
				C996284A1C40F63E007FBA72 /* Resources */,
			);
			buildRules = (
			);
			dependencies = (
				C996284E1C40F63E007FBA72 /* PBXTargetDependency */,
			);
			name = LHDBDemoTests;
			productName = LHDBDemoTests;
			productReference = C996284C1C40F63E007FBA72 /* LHDBDemoTests.xctest */;
			productType = "com.apple.product-type.bundle.unit-test";
		};
		C99628561C40F63E007FBA72 /* LHDBDemoUITests */ = {
			isa = PBXNativeTarget;
			buildConfigurationList = C99628661C40F63E007FBA72 /* Build configuration list for PBXNativeTarget "LHDBDemoUITests" */;
			buildPhases = (
				C99628531C40F63E007FBA72 /* Sources */,
				C99628541C40F63E007FBA72 /* Frameworks */,
				C99628551C40F63E007FBA72 /* Resources */,
			);
			buildRules = (
			);
			dependencies = (
				C99628591C40F63E007FBA72 /* PBXTargetDependency */,
			);
			name = LHDBDemoUITests;
			productName = LHDBDemoUITests;
			productReference = C99628571C40F63E007FBA72 /* LHDBDemoUITests.xctest */;
			productType = "com.apple.product-type.bundle.ui-testing";
		};
/* End PBXNativeTarget section */

/* Begin PBXProject section */
		C996282B1C40F63E007FBA72 /* Project object */ = {
			isa = PBXProject;
			attributes = {
				LastUpgradeCheck = 0720;
				ORGANIZATIONNAME = "李浩";
				TargetAttributes = {
					C99628321C40F63E007FBA72 = {
						CreatedOnToolsVersion = 7.2;
					};
					C996284B1C40F63E007FBA72 = {
						CreatedOnToolsVersion = 7.2;
						TestTargetID = C99628321C40F63E007FBA72;
					};
					C99628561C40F63E007FBA72 = {
						CreatedOnToolsVersion = 7.2;
						TestTargetID = C99628321C40F63E007FBA72;
					};
				};
			};
			buildConfigurationList = C996282E1C40F63E007FBA72 /* Build configuration list for PBXProject "LHDBDemo" */;
			compatibilityVersion = "Xcode 3.2";
			developmentRegion = English;
			hasScannedForEncodings = 0;
			knownRegions = (
				en,
				Base,
			);
			mainGroup = C996282A1C40F63E007FBA72;
			productRefGroup = C99628341C40F63E007FBA72 /* Products */;
			projectDirPath = "";
			projectRoot = "";
			targets = (
				C99628321C40F63E007FBA72 /* LHDBDemo */,
				C996284B1C40F63E007FBA72 /* LHDBDemoTests */,
				C99628561C40F63E007FBA72 /* LHDBDemoUITests */,
			);
		};
/* End PBXProject section */

/* Begin PBXResourcesBuildPhase section */
		C99628311C40F63E007FBA72 /* Resources */ = {
			isa = PBXResourcesBuildPhase;
			buildActionMask = 2147483647;
			files = (
				C99628461C40F63E007FBA72 /* LaunchScreen.storyboard in Resources */,
				05869D2F1C804C3600C5B48B /* 123@2x.png in Resources */,
				C99628431C40F63E007FBA72 /* Assets.xcassets in Resources */,
				C99628411C40F63E007FBA72 /* Main.storyboard in Resources */,
			);
			runOnlyForDeploymentPostprocessing = 0;
		};
		C996284A1C40F63E007FBA72 /* Resources */ = {
			isa = PBXResourcesBuildPhase;
			buildActionMask = 2147483647;
			files = (
			);
			runOnlyForDeploymentPostprocessing = 0;
		};
		C99628551C40F63E007FBA72 /* Resources */ = {
			isa = PBXResourcesBuildPhase;
			buildActionMask = 2147483647;
			files = (
			);
			runOnlyForDeploymentPostprocessing = 0;
		};
/* End PBXResourcesBuildPhase section */

/* Begin PBXSourcesBuildPhase section */
		C996282F1C40F63E007FBA72 /* Sources */ = {
			isa = PBXSourcesBuildPhase;
			buildActionMask = 2147483647;
			files = (
				05822B471C561DDC00CC0506 /* LHModelStateMent.m in Sources */,
				C996283E1C40F63E007FBA72 /* ViewController.m in Sources */,
				C99628741C40F668007FBA72 /* LHDBQueue.m in Sources */,
				C9B22F561C817E37004FD22A /* Cat.m in Sources */,
				C996283B1C40F63E007FBA72 /* AppDelegate.m in Sources */,
				C996287B1C40F8FA007FBA72 /* Model.m in Sources */,
				C99628721C40F668007FBA72 /* LHDataBaseExecute.m in Sources */,
				C99628751C40F668007FBA72 /* NSObject+LHModelOperation.m in Sources */,
				05869D321C805B7500C5B48B /* LHDBPath.m in Sources */,
				054C04521C705ECD00436A33 /* LHPredicate.m in Sources */,
				C99628381C40F63E007FBA72 /* main.m in Sources */,
				05FB96241C71BFC800496A39 /* NSObject+LHDB.m in Sources */,
			);
			runOnlyForDeploymentPostprocessing = 0;
		};
		C99628481C40F63E007FBA72 /* Sources */ = {
			isa = PBXSourcesBuildPhase;
			buildActionMask = 2147483647;
			files = (
				C99628511C40F63E007FBA72 /* LHDBDemoTests.m in Sources */,
			);
			runOnlyForDeploymentPostprocessing = 0;
		};
		C99628531C40F63E007FBA72 /* Sources */ = {
			isa = PBXSourcesBuildPhase;
			buildActionMask = 2147483647;
			files = (
				C996285C1C40F63E007FBA72 /* LHDBDemoUITests.m in Sources */,
			);
			runOnlyForDeploymentPostprocessing = 0;
		};
/* End PBXSourcesBuildPhase section */

/* Begin PBXTargetDependency section */
		C996284E1C40F63E007FBA72 /* PBXTargetDependency */ = {
			isa = PBXTargetDependency;
			target = C99628321C40F63E007FBA72 /* LHDBDemo */;
			targetProxy = C996284D1C40F63E007FBA72 /* PBXContainerItemProxy */;
		};
		C99628591C40F63E007FBA72 /* PBXTargetDependency */ = {
			isa = PBXTargetDependency;
			target = C99628321C40F63E007FBA72 /* LHDBDemo */;
			targetProxy = C99628581C40F63E007FBA72 /* PBXContainerItemProxy */;
		};
/* End PBXTargetDependency section */

/* Begin PBXVariantGroup section */
		C996283F1C40F63E007FBA72 /* Main.storyboard */ = {
			isa = PBXVariantGroup;
			children = (
				C99628401C40F63E007FBA72 /* Base */,
			);
			name = Main.storyboard;
			sourceTree = "<group>";
		};
		C99628441C40F63E007FBA72 /* LaunchScreen.storyboard */ = {
			isa = PBXVariantGroup;
			children = (
				C99628451C40F63E007FBA72 /* Base */,
			);
			name = LaunchScreen.storyboard;
			sourceTree = "<group>";
		};
/* End PBXVariantGroup section */

/* Begin XCBuildConfiguration section */
		C996285E1C40F63E007FBA72 /* Debug */ = {
			isa = XCBuildConfiguration;
			buildSettings = {
				ALWAYS_SEARCH_USER_PATHS = NO;
				CLANG_CXX_LANGUAGE_STANDARD = "gnu++0x";
				CLANG_CXX_LIBRARY = "libc++";
				CLANG_ENABLE_MODULES = YES;
				CLANG_ENABLE_OBJC_ARC = YES;
				CLANG_WARN_BOOL_CONVERSION = YES;
				CLANG_WARN_CONSTANT_CONVERSION = YES;
				CLANG_WARN_DIRECT_OBJC_ISA_USAGE = YES_ERROR;
				CLANG_WARN_EMPTY_BODY = YES;
				CLANG_WARN_ENUM_CONVERSION = YES;
				CLANG_WARN_INT_CONVERSION = YES;
				CLANG_WARN_OBJC_ROOT_CLASS = YES_ERROR;
				CLANG_WARN_UNREACHABLE_CODE = YES;
				CLANG_WARN__DUPLICATE_METHOD_MATCH = YES;
				"CODE_SIGN_IDENTITY[sdk=iphoneos*]" = "iPhone Developer";
				COPY_PHASE_STRIP = NO;
				DEBUG_INFORMATION_FORMAT = dwarf;
				ENABLE_STRICT_OBJC_MSGSEND = YES;
				ENABLE_TESTABILITY = YES;
				GCC_C_LANGUAGE_STANDARD = gnu99;
				GCC_DYNAMIC_NO_PIC = NO;
				GCC_NO_COMMON_BLOCKS = YES;
				GCC_OPTIMIZATION_LEVEL = 0;
				GCC_PREPROCESSOR_DEFINITIONS = (
					"DEBUG=1",
					"$(inherited)",
				);
				GCC_WARN_64_TO_32_BIT_CONVERSION = YES;
				GCC_WARN_ABOUT_RETURN_TYPE = YES_ERROR;
				GCC_WARN_UNDECLARED_SELECTOR = YES;
				GCC_WARN_UNINITIALIZED_AUTOS = YES_AGGRESSIVE;
				GCC_WARN_UNUSED_FUNCTION = YES;
				GCC_WARN_UNUSED_VARIABLE = YES;
				IPHONEOS_DEPLOYMENT_TARGET = 9.2;
				MTL_ENABLE_DEBUG_INFO = YES;
				ONLY_ACTIVE_ARCH = YES;
				SDKROOT = iphoneos;
				TARGETED_DEVICE_FAMILY = "1,2";
			};
			name = Debug;
		};
		C996285F1C40F63E007FBA72 /* Release */ = {
			isa = XCBuildConfiguration;
			buildSettings = {
				ALWAYS_SEARCH_USER_PATHS = NO;
				CLANG_CXX_LANGUAGE_STANDARD = "gnu++0x";
				CLANG_CXX_LIBRARY = "libc++";
				CLANG_ENABLE_MODULES = YES;
				CLANG_ENABLE_OBJC_ARC = YES;
				CLANG_WARN_BOOL_CONVERSION = YES;
				CLANG_WARN_CONSTANT_CONVERSION = YES;
				CLANG_WARN_DIRECT_OBJC_ISA_USAGE = YES_ERROR;
				CLANG_WARN_EMPTY_BODY = YES;
				CLANG_WARN_ENUM_CONVERSION = YES;
				CLANG_WARN_INT_CONVERSION = YES;
				CLANG_WARN_OBJC_ROOT_CLASS = YES_ERROR;
				CLANG_WARN_UNREACHABLE_CODE = YES;
				CLANG_WARN__DUPLICATE_METHOD_MATCH = YES;
				"CODE_SIGN_IDENTITY[sdk=iphoneos*]" = "iPhone Developer";
				COPY_PHASE_STRIP = NO;
				DEBUG_INFORMATION_FORMAT = "dwarf-with-dsym";
				ENABLE_NS_ASSERTIONS = NO;
				ENABLE_STRICT_OBJC_MSGSEND = YES;
				GCC_C_LANGUAGE_STANDARD = gnu99;
				GCC_NO_COMMON_BLOCKS = YES;
				GCC_WARN_64_TO_32_BIT_CONVERSION = YES;
				GCC_WARN_ABOUT_RETURN_TYPE = YES_ERROR;
				GCC_WARN_UNDECLARED_SELECTOR = YES;
				GCC_WARN_UNINITIALIZED_AUTOS = YES_AGGRESSIVE;
				GCC_WARN_UNUSED_FUNCTION = YES;
				GCC_WARN_UNUSED_VARIABLE = YES;
				IPHONEOS_DEPLOYMENT_TARGET = 9.2;
				MTL_ENABLE_DEBUG_INFO = NO;
				SDKROOT = iphoneos;
				TARGETED_DEVICE_FAMILY = "1,2";
				VALIDATE_PRODUCT = YES;
			};
			name = Release;
		};
		C99628611C40F63E007FBA72 /* Debug */ = {
			isa = XCBuildConfiguration;
			buildSettings = {
				ASSETCATALOG_COMPILER_APPICON_NAME = AppIcon;
				INFOPLIST_FILE = LHDBDemo/Info.plist;
				LD_RUNPATH_SEARCH_PATHS = "$(inherited) @executable_path/Frameworks";
				PRODUCT_BUNDLE_IDENTIFIER = LH.LHDBDemo;
				PRODUCT_NAME = "$(TARGET_NAME)";
			};
			name = Debug;
		};
		C99628621C40F63E007FBA72 /* Release */ = {
			isa = XCBuildConfiguration;
			buildSettings = {
				ASSETCATALOG_COMPILER_APPICON_NAME = AppIcon;
				INFOPLIST_FILE = LHDBDemo/Info.plist;
				LD_RUNPATH_SEARCH_PATHS = "$(inherited) @executable_path/Frameworks";
				PRODUCT_BUNDLE_IDENTIFIER = LH.LHDBDemo;
				PRODUCT_NAME = "$(TARGET_NAME)";
			};
			name = Release;
		};
		C99628641C40F63E007FBA72 /* Debug */ = {
			isa = XCBuildConfiguration;
			buildSettings = {
				BUNDLE_LOADER = "$(TEST_HOST)";
				INFOPLIST_FILE = LHDBDemoTests/Info.plist;
				LD_RUNPATH_SEARCH_PATHS = "$(inherited) @executable_path/Frameworks @loader_path/Frameworks";
				PRODUCT_BUNDLE_IDENTIFIER = LH.LHDBDemoTests;
				PRODUCT_NAME = "$(TARGET_NAME)";
				TEST_HOST = "$(BUILT_PRODUCTS_DIR)/LHDBDemo.app/LHDBDemo";
			};
			name = Debug;
		};
		C99628651C40F63E007FBA72 /* Release */ = {
			isa = XCBuildConfiguration;
			buildSettings = {
				BUNDLE_LOADER = "$(TEST_HOST)";
				INFOPLIST_FILE = LHDBDemoTests/Info.plist;
				LD_RUNPATH_SEARCH_PATHS = "$(inherited) @executable_path/Frameworks @loader_path/Frameworks";
				PRODUCT_BUNDLE_IDENTIFIER = LH.LHDBDemoTests;
				PRODUCT_NAME = "$(TARGET_NAME)";
				TEST_HOST = "$(BUILT_PRODUCTS_DIR)/LHDBDemo.app/LHDBDemo";
			};
			name = Release;
		};
		C99628671C40F63E007FBA72 /* Debug */ = {
			isa = XCBuildConfiguration;
			buildSettings = {
				INFOPLIST_FILE = LHDBDemoUITests/Info.plist;
				LD_RUNPATH_SEARCH_PATHS = "$(inherited) @executable_path/Frameworks @loader_path/Frameworks";
				PRODUCT_BUNDLE_IDENTIFIER = LH.LHDBDemoUITests;
				PRODUCT_NAME = "$(TARGET_NAME)";
				TEST_TARGET_NAME = LHDBDemo;
				USES_XCTRUNNER = YES;
			};
			name = Debug;
		};
		C99628681C40F63E007FBA72 /* Release */ = {
			isa = XCBuildConfiguration;
			buildSettings = {
				INFOPLIST_FILE = LHDBDemoUITests/Info.plist;
				LD_RUNPATH_SEARCH_PATHS = "$(inherited) @executable_path/Frameworks @loader_path/Frameworks";
				PRODUCT_BUNDLE_IDENTIFIER = LH.LHDBDemoUITests;
				PRODUCT_NAME = "$(TARGET_NAME)";
				TEST_TARGET_NAME = LHDBDemo;
				USES_XCTRUNNER = YES;
			};
			name = Release;
		};
/* End XCBuildConfiguration section */

/* Begin XCConfigurationList section */
		C996282E1C40F63E007FBA72 /* Build configuration list for PBXProject "LHDBDemo" */ = {
			isa = XCConfigurationList;
			buildConfigurations = (
				C996285E1C40F63E007FBA72 /* Debug */,
				C996285F1C40F63E007FBA72 /* Release */,
			);
			defaultConfigurationIsVisible = 0;
			defaultConfigurationName = Release;
		};
		C99628601C40F63E007FBA72 /* Build configuration list for PBXNativeTarget "LHDBDemo" */ = {
			isa = XCConfigurationList;
			buildConfigurations = (
				C99628611C40F63E007FBA72 /* Debug */,
				C99628621C40F63E007FBA72 /* Release */,
			);
			defaultConfigurationIsVisible = 0;
			defaultConfigurationName = Release;
		};
		C99628631C40F63E007FBA72 /* Build configuration list for PBXNativeTarget "LHDBDemoTests" */ = {
			isa = XCConfigurationList;
			buildConfigurations = (
				C99628641C40F63E007FBA72 /* Debug */,
				C99628651C40F63E007FBA72 /* Release */,
			);
			defaultConfigurationIsVisible = 0;
			defaultConfigurationName = Release;
		};
		C99628661C40F63E007FBA72 /* Build configuration list for PBXNativeTarget "LHDBDemoUITests" */ = {
			isa = XCConfigurationList;
			buildConfigurations = (
				C99628671C40F63E007FBA72 /* Debug */,
				C99628681C40F63E007FBA72 /* Release */,
			);
			defaultConfigurationIsVisible = 0;
			defaultConfigurationName = Release;
		};
/* End XCConfigurationList section */
	};
	rootObject = C996282B1C40F63E007FBA72 /* Project object */;
}
